
Microsoft Visual Studio Solution File, Format Version 12.00
# Visual Studio Version 16
VisualStudioVersion = 16.0.31205.134
MinimumVisualStudioVersion = 10.0.40219.1
Project("{FAE04EC0-301F-11D3-BF4B-00C04F79EFBC}") = "Aplicatie de gestiune", "Aplicatie de gestiune\Aplicatie de gestiune.csproj", "{CBE80991-13D4-463B-B5A2-FA3C63842FE9}"
EndProject
Project("{FAE04EC0-301F-11D3-BF4B-00C04F79EFBC}") = "UpdateAplicatie", "UpdateAplicatie\UpdateAplicatie.csproj", "{57582A1C-6DFC-49A0-8578-0B406B964051}"
EndProject
Global
	GlobalSection(SolutionConfigurationPlatforms) = preSolution
		Debug|Any CPU = Debug|Any CPU
		Release|Any CPU = Release|Any CPU
	EndGlobalSection
	GlobalSection(ProjectConfigurationPlatforms) = postSolution
		{CBE80991-13D4-463B-B5A2-FA3C63842FE9}.Debug|Any CPU.ActiveCfg = Debug|Any CPU
		{CBE80991-13D4-463B-B5A2-FA3C63842FE9}.Debug|Any CPU.Build.0 = Debug|Any CPU
		{CBE80991-13D4-463B-B5A2-FA3C63842FE9}.Release|Any CPU.ActiveCfg = Release|Any CPU
		{CBE80991-13D4-463B-B5A2-FA3C63842FE9}.Release|Any CPU.Build.0 = Release|Any CPU
		{57582A1C-6DFC-49A0-8578-0B406B964051}.Debug|Any CPU.ActiveCfg = Debug|Any CPU
		{57582A1C-6DFC-49A0-8578-0B406B964051}.Debug|Any CPU.Build.0 = Debug|Any CPU
		{57582A1C-6DFC-49A0-8578-0B406B964051}.Release|Any CPU.ActiveCfg = Release|Any CPU
		{57582A1C-6DFC-49A0-8578-0B406B964051}.Release|Any CPU.Build.0 = Release|Any CPU
	EndGlobalSection
	GlobalSection(SolutionProperties) = preSolution
		HideSolutionNode = FALSE
	EndGlobalSection
	GlobalSection(ExtensibilityGlobals) = postSolution
		SolutionGuid = {7BD031B4-803B-464B-9D1C-0E0E1EE99B8B}
	EndGlobalSection
EndGlobal
